
Microsoft Visual Studio Solution File, Format Version 12.00
# Visual Studio Version 17
VisualStudioVersion = 17.9.34310.174
MinimumVisualStudioVersion = 10.0.40219.1
Project("{FAE04EC0-301F-11D3-BF4B-00C04F79EFBC}") = "IdentityAuth", "IdentityAuth\IdentityAuth.csproj", "{419E5B58-7DAE-457F-BD55-FD587EC714B3}"
EndProject
Global
	GlobalSection(SolutionConfigurationPlatforms) = preSolution
		Debug|Any CPU = Debug|Any CPU
		Release|Any CPU = Release|Any CPU
	EndGlobalSection
	GlobalSection(ProjectConfigurationPlatforms) = postSolution
		{419E5B58-7DAE-457F-BD55-FD587EC714B3}.Debug|Any CPU.ActiveCfg = Debug|Any CPU
		{419E5B58-7DAE-457F-BD55-FD587EC714B3}.Debug|Any CPU.Build.0 = Debug|Any CPU
		{419E5B58-7DAE-457F-BD55-FD587EC714B3}.Release|Any CPU.ActiveCfg = Release|Any CPU
		{419E5B58-7DAE-457F-BD55-FD587EC714B3}.Release|Any CPU.Build.0 = Release|Any CPU
	EndGlobalSection
	GlobalSection(SolutionProperties) = preSolution
		HideSolutionNode = FALSE
	EndGlobalSection
	GlobalSection(ExtensibilityGlobals) = postSolution
		SolutionGuid = {80D1FF52-0AE0-4B4E-B71E-73FF76517E45}
	EndGlobalSection
EndGlobal
